
Microsoft Visual Studio Solution File, Format Version 12.00
# Visual Studio 15
VisualStudioVersion = 15.0.26403.7
MinimumVisualStudioVersion = 10.0.40219.1
Project("{FAE04EC0-301F-11D3-BF4B-00C04F79EFBC}") = "Cesgranrio.CorretorDeProvas.Web", "Cesgranrio.CorretorDeProvas.Web\Cesgranrio.CorretorDeProvas.Web.csproj", "{BA078A52-FECE-4116-8E1C-99BA38D868A6}"
EndProject
Project("{FAE04EC0-301F-11D3-BF4B-00C04F79EFBC}") = "Cesgranrio.CorretorDeProvas.Util", "Cesgranrio.CorretorDeProvas.Util\Cesgranrio.CorretorDeProvas.Util.csproj", "{9647233F-4332-4EEE-A54A-91C513658EEE}"
EndProject
Project("{FAE04EC0-301F-11D3-BF4B-00C04F79EFBC}") = "Cesgranrio.CorretorDeProvas.DAL", "Cesgranrio.CorretorDeProvas.DAL\Cesgranrio.CorretorDeProvas.DAL.csproj", "{CBE71D81-119C-447C-A0A3-86532AD05634}"
EndProject
Project("{FAE04EC0-301F-11D3-BF4B-00C04F79EFBC}") = "Cesgranrio.CorretorDeProvas.Simulador", "Cesgranrio.CorretorDeProvas.Simulador\Cesgranrio.CorretorDeProvas.Simulador.csproj", "{E97647FD-576D-4695-816D-FC42D14EBE72}"
EndProject
Project("{2150E333-8FDC-42A3-9474-1A3956D46DE8}") = "1) Instruções", "1) Instruções", "{853C2D5B-9FA0-4762-A0D5-DB3B9928B440}"
	ProjectSection(SolutionItems) = preProject
		LEIAME.txt = LEIAME.txt
	EndProjectSection
EndProject
Project("{2150E333-8FDC-42A3-9474-1A3956D46DE8}") = "2) Banco de Dados", "2) Banco de Dados", "{7CD783F9-D767-4D0A-AE71-D241C699A016}"
	ProjectSection(SolutionItems) = preProject
		Cesgranrio.CorretorDeProvas.DB\banco.bak = Cesgranrio.CorretorDeProvas.DB\banco.bak
		Cesgranrio.CorretorDeProvas.DB\script.sql = Cesgranrio.CorretorDeProvas.DB\script.sql
	EndProjectSection
EndProject
Global
	GlobalSection(SolutionConfigurationPlatforms) = preSolution
		Debug|Any CPU = Debug|Any CPU
		Release|Any CPU = Release|Any CPU
	EndGlobalSection
	GlobalSection(ProjectConfigurationPlatforms) = postSolution
		{BA078A52-FECE-4116-8E1C-99BA38D868A6}.Debug|Any CPU.ActiveCfg = Debug|Any CPU
		{BA078A52-FECE-4116-8E1C-99BA38D868A6}.Debug|Any CPU.Build.0 = Debug|Any CPU
		{BA078A52-FECE-4116-8E1C-99BA38D868A6}.Release|Any CPU.ActiveCfg = Release|Any CPU
		{BA078A52-FECE-4116-8E1C-99BA38D868A6}.Release|Any CPU.Build.0 = Release|Any CPU
		{9647233F-4332-4EEE-A54A-91C513658EEE}.Debug|Any CPU.ActiveCfg = Debug|Any CPU
		{9647233F-4332-4EEE-A54A-91C513658EEE}.Debug|Any CPU.Build.0 = Debug|Any CPU
		{9647233F-4332-4EEE-A54A-91C513658EEE}.Release|Any CPU.ActiveCfg = Release|Any CPU
		{9647233F-4332-4EEE-A54A-91C513658EEE}.Release|Any CPU.Build.0 = Release|Any CPU
		{CBE71D81-119C-447C-A0A3-86532AD05634}.Debug|Any CPU.ActiveCfg = Debug|Any CPU
		{CBE71D81-119C-447C-A0A3-86532AD05634}.Debug|Any CPU.Build.0 = Debug|Any CPU
		{CBE71D81-119C-447C-A0A3-86532AD05634}.Release|Any CPU.ActiveCfg = Release|Any CPU
		{CBE71D81-119C-447C-A0A3-86532AD05634}.Release|Any CPU.Build.0 = Release|Any CPU
		{E97647FD-576D-4695-816D-FC42D14EBE72}.Debug|Any CPU.ActiveCfg = Debug|Any CPU
		{E97647FD-576D-4695-816D-FC42D14EBE72}.Debug|Any CPU.Build.0 = Debug|Any CPU
		{E97647FD-576D-4695-816D-FC42D14EBE72}.Release|Any CPU.ActiveCfg = Release|Any CPU
		{E97647FD-576D-4695-816D-FC42D14EBE72}.Release|Any CPU.Build.0 = Release|Any CPU
	EndGlobalSection
	GlobalSection(SolutionProperties) = preSolution
		HideSolutionNode = FALSE
	EndGlobalSection
EndGlobal
